
Microsoft Visual Studio Solution File, Format Version 12.00
# Visual Studio Version 17
VisualStudioVersion = 17.8.34511.84
MinimumVisualStudioVersion = 10.0.40219.1
Project("{FAE04EC0-301F-11D3-BF4B-00C04F79EFBC}") = "CSharpKwame", "CSharpKwame\CSharpKwame.csproj", "{831D5F02-F529-4470-A251-AB18BB740E45}"
EndProject
Global
	GlobalSection(SolutionConfigurationPlatforms) = preSolution
		Debug|Any CPU = Debug|Any CPU
		Release|Any CPU = Release|Any CPU
	EndGlobalSection
	GlobalSection(ProjectConfigurationPlatforms) = postSolution
		{831D5F02-F529-4470-A251-AB18BB740E45}.Debug|Any CPU.ActiveCfg = Debug|Any CPU
		{831D5F02-F529-4470-A251-AB18BB740E45}.Debug|Any CPU.Build.0 = Debug|Any CPU
		{831D5F02-F529-4470-A251-AB18BB740E45}.Release|Any CPU.ActiveCfg = Release|Any CPU
		{831D5F02-F529-4470-A251-AB18BB740E45}.Release|Any CPU.Build.0 = Release|Any CPU
	EndGlobalSection
	GlobalSection(SolutionProperties) = preSolution
		HideSolutionNode = FALSE
	EndGlobalSection
	GlobalSection(ExtensibilityGlobals) = postSolution
		SolutionGuid = {8B0A3AFA-8A51-416E-9D6E-0BD2C316D5AC}
	EndGlobalSection
EndGlobal
